{
  "lockfileVersion": 1,
  "configVersion": 1,
  "workspaces": {
    "": {
      "name": "tanstack_start_ts",
      "dependencies": {
        "@supabase/supabase-js": "^2.110.0",
      },
    },
  },
  "packages": {
    "@supabase/auth-js": ["@supabase/auth-js@2.110.0", "https://europe-west4-npm.pkg.dev/lovable-core-prod/sandbox-npm-cache/@supabase/auth-js/-/auth-js-2.110.0.tgz", { "dependencies": { "tslib": "2.8.1" } }, "sha512-Mi288WCTp6wxMFCOu/UgzgHEXODjdl2uVTLqK11eanzGZaldU3RyP8Am+ZbNuVzFP+5+iOvppxzv7N5Ym84xTg=="],

    "@supabase/functions-js": ["@supabase/functions-js@2.110.0", "https://europe-west4-npm.pkg.dev/lovable-core-prod/sandbox-npm-cache/@supabase/functions-js/-/functions-js-2.110.0.tgz", { "dependencies": { "tslib": "2.8.1" } }, "sha512-Fde5wlY8ZZy+9yqrWlQHo8MacSyUBArBEtN2boB4thJQigPnQD/cc61qZN0n3I1L0gwhWtHYwIMnOBKxSvF6Hw=="],

    "@supabase/phoenix": ["@supabase/phoenix@0.4.4", "https://europe-west4-npm.pkg.dev/lovable-core-prod/sandbox-npm-cache/@supabase/phoenix/-/phoenix-0.4.4.tgz", {}, "sha512-Gt0pqoXuIqX/8dvG0OKp/wMCobXNH3klNbUPBNyOfN0YA1IswrM3HyWFMOPk1Jy+BRaIyDPcFx4jLBwHNmlyfQ=="],

    "@supabase/postgrest-js": ["@supabase/postgrest-js@2.110.0", "https://europe-west4-npm.pkg.dev/lovable-core-prod/sandbox-npm-cache/@supabase/postgrest-js/-/postgrest-js-2.110.0.tgz", { "dependencies": { "tslib": "2.8.1" } }, "sha512-ZbC1QZL3jcvBUfVKjJbgRM27G4Mg3Zzqdm44m5pJafe1e52Cli793EOnwQucomBAGEUDd03Nzaf7XV3ji/XexQ=="],

    "@supabase/realtime-js": ["@supabase/realtime-js@2.110.0", "https://europe-west4-npm.pkg.dev/lovable-core-prod/sandbox-npm-cache/@supabase/realtime-js/-/realtime-js-2.110.0.tgz", { "dependencies": { "@supabase/phoenix": "0.4.4", "tslib": "2.8.1" } }, "sha512-Wn2AWpneZuDFTkp/65tqctvoh+3JvyTjMam8sTMqVWy5BgkU8zAvFwilPYPPPhkINeKF8NAJKP7FclJ2iGCUMw=="],

    "@supabase/storage-js": ["@supabase/storage-js@2.110.0", "https://europe-west4-npm.pkg.dev/lovable-core-prod/sandbox-npm-cache/@supabase/storage-js/-/storage-js-2.110.0.tgz", { "dependencies": { "iceberg-js": "^0.8.1", "tslib": "2.8.1" } }, "sha512-71+gU3HrhiylAhftY6FmO5PPdcsScnVcS766CVD+vTYK9qTDLbrx8FhgBYbqGm3iV/wkTfzrNJfjGsMeFRkJRQ=="],

    "@supabase/supabase-js": ["@supabase/supabase-js@2.110.0", "https://europe-west4-npm.pkg.dev/lovable-core-prod/sandbox-npm-cache/@supabase/supabase-js/-/supabase-js-2.110.0.tgz", { "dependencies": { "@supabase/auth-js": "2.110.0", "@supabase/functions-js": "2.110.0", "@supabase/postgrest-js": "2.110.0", "@supabase/realtime-js": "2.110.0", "@supabase/storage-js": "2.110.0" } }, "sha512-8yI84VJiEVW4zxZpLUmxXmjzQ7O2St9X/ymzlBETDHTURPWG3LmvbSiibq+7dqAJmyoUfxZnSfXeM4HCM8s4XQ=="],

    "iceberg-js": ["iceberg-js@0.8.1", "https://europe-west4-npm.pkg.dev/lovable-core-prod/sandbox-npm-cache/iceberg-js/-/iceberg-js-0.8.1.tgz", {}, "sha512-1dhVQZXhcHje7798IVM+xoo/1ZdVfzOMIc8/rgVSijRK38EDqOJoGula9N/8ZI5RD8QTxNQtK/Gozpr+qUqRRA=="],

    "tslib": ["tslib@2.8.1", "", {}, "sha512-oJFu94HQb+KVduSUQL7wnpmqnfmLsOA/nAh6b6EH0wCEoK0/mPeXU6c3wKDV83MkOuHPRHtSXKKU99IBazS/2w=="],
  }
}
